
Microsoft Visual Studio Solution File, Format Version 12.00
# Visual Studio Version 17
VisualStudioVersion = 17.6.33829.357
MinimumVisualStudioVersion = 10.0.40219.1
Project("{FAE04EC0-301F-11D3-BF4B-00C04F79EFBC}") = "AyatoPack", "AyatoPack\AyatoPack.csproj", "{6B1944F1-A51C-42B2-A679-0D68941E6C58}"
EndProject
Project("{FAE04EC0-301F-11D3-BF4B-00C04F79EFBC}") = "AyatoAppDemo", "AyatoAppDemo\AyatoAppDemo.csproj", "{D1F834B4-4FB6-40C8-9316-AC2BCBB072E8}"
EndProject
Global
	GlobalSection(SolutionConfigurationPlatforms) = preSolution
		Debug|Any CPU = Debug|Any CPU
		Release|Any CPU = Release|Any CPU
	EndGlobalSection
	GlobalSection(ProjectConfigurationPlatforms) = postSolution
		{6B1944F1-A51C-42B2-A679-0D68941E6C58}.Debug|Any CPU.ActiveCfg = Debug|Any CPU
		{6B1944F1-A51C-42B2-A679-0D68941E6C58}.Debug|Any CPU.Build.0 = Debug|Any CPU
		{6B1944F1-A51C-42B2-A679-0D68941E6C58}.Release|Any CPU.ActiveCfg = Release|Any CPU
		{6B1944F1-A51C-42B2-A679-0D68941E6C58}.Release|Any CPU.Build.0 = Release|Any CPU
		{D1F834B4-4FB6-40C8-9316-AC2BCBB072E8}.Debug|Any CPU.ActiveCfg = Debug|Any CPU
		{D1F834B4-4FB6-40C8-9316-AC2BCBB072E8}.Debug|Any CPU.Build.0 = Debug|Any CPU
		{D1F834B4-4FB6-40C8-9316-AC2BCBB072E8}.Release|Any CPU.ActiveCfg = Release|Any CPU
		{D1F834B4-4FB6-40C8-9316-AC2BCBB072E8}.Release|Any CPU.Build.0 = Release|Any CPU
	EndGlobalSection
	GlobalSection(SolutionProperties) = preSolution
		HideSolutionNode = FALSE
	EndGlobalSection
	GlobalSection(ExtensibilityGlobals) = postSolution
		SolutionGuid = {A25E4D5C-6BFA-44B0-A95D-400C52F3A4C9}
	EndGlobalSection
EndGlobal
